
Microsoft Visual Studio Solution File, Format Version 12.00
# Visual Studio Version 17
VisualStudioVersion = 17.5.33414.496
MinimumVisualStudioVersion = 10.0.40219.1
Project("{FAE04EC0-301F-11D3-BF4B-00C04F79EFBC}") = "BEDatabaseFinalProject", "BEDatabaseFinalProject\BEDatabaseFinalProject.csproj", "{EA1E60EC-2038-4C4A-A045-9C621638C3B2}"
EndProject
Global
	GlobalSection(SolutionConfigurationPlatforms) = preSolution
		Debug|Any CPU = Debug|Any CPU
		Release|Any CPU = Release|Any CPU
	EndGlobalSection
	GlobalSection(ProjectConfigurationPlatforms) = postSolution
		{EA1E60EC-2038-4C4A-A045-9C621638C3B2}.Debug|Any CPU.ActiveCfg = Debug|Any CPU
		{EA1E60EC-2038-4C4A-A045-9C621638C3B2}.Debug|Any CPU.Build.0 = Debug|Any CPU
		{EA1E60EC-2038-4C4A-A045-9C621638C3B2}.Release|Any CPU.ActiveCfg = Release|Any CPU
		{EA1E60EC-2038-4C4A-A045-9C621638C3B2}.Release|Any CPU.Build.0 = Release|Any CPU
	EndGlobalSection
	GlobalSection(SolutionProperties) = preSolution
		HideSolutionNode = FALSE
	EndGlobalSection
	GlobalSection(ExtensibilityGlobals) = postSolution
		SolutionGuid = {07A08A74-8E72-4380-9F20-5C44B8EAB7B9}
	EndGlobalSection
EndGlobal
